
Microsoft Visual Studio Solution File, Format Version 12.00
# Visual Studio Version 16
VisualStudioVersion = 16.0.31424.327
MinimumVisualStudioVersion = 10.0.40219.1
Project("{FAE04EC0-301F-11D3-BF4B-00C04F79EFBC}") = "demoJenkins", "demoJenkins\demoJenkins.csproj", "{B541015C-98E1-49F2-946E-AD4B2BA2916C}"
EndProject
Global
	GlobalSection(SolutionConfigurationPlatforms) = preSolution
		Debug|Any CPU = Debug|Any CPU
		Release|Any CPU = Release|Any CPU
	EndGlobalSection
	GlobalSection(ProjectConfigurationPlatforms) = postSolution
		{B541015C-98E1-49F2-946E-AD4B2BA2916C}.Debug|Any CPU.ActiveCfg = Debug|Any CPU
		{B541015C-98E1-49F2-946E-AD4B2BA2916C}.Debug|Any CPU.Build.0 = Debug|Any CPU
		{B541015C-98E1-49F2-946E-AD4B2BA2916C}.Release|Any CPU.ActiveCfg = Release|Any CPU
		{B541015C-98E1-49F2-946E-AD4B2BA2916C}.Release|Any CPU.Build.0 = Release|Any CPU
	EndGlobalSection
	GlobalSection(SolutionProperties) = preSolution
		HideSolutionNode = FALSE
	EndGlobalSection
	GlobalSection(ExtensibilityGlobals) = postSolution
		SolutionGuid = {AC6EB6B1-3592-42FA-A235-4808FB57633D}
	EndGlobalSection
EndGlobal
